
Microsoft Visual Studio Solution File, Format Version 12.00
# Visual Studio Version 17
VisualStudioVersion = 17.5.33516.290
MinimumVisualStudioVersion = 10.0.40219.1
Project("{8BC9CEB8-8B4A-11D0-8D11-00A0C91BC942}") = "qtchess", "qtchess.vcxproj", "{427F8C05-FD76-4101-8714-EB21B32CC155}"
EndProject
Global
	GlobalSection(SolutionConfigurationPlatforms) = preSolution
		Debug|x64 = Debug|x64
		Release|x64 = Release|x64
	EndGlobalSection
	GlobalSection(ProjectConfigurationPlatforms) = postSolution
		{427F8C05-FD76-4101-8714-EB21B32CC155}.Debug|x64.ActiveCfg = Debug|x64
		{427F8C05-FD76-4101-8714-EB21B32CC155}.Debug|x64.Build.0 = Debug|x64
		{427F8C05-FD76-4101-8714-EB21B32CC155}.Release|x64.ActiveCfg = Release|x64
		{427F8C05-FD76-4101-8714-EB21B32CC155}.Release|x64.Build.0 = Release|x64
	EndGlobalSection
	GlobalSection(SolutionProperties) = preSolution
		HideSolutionNode = FALSE
	EndGlobalSection
	GlobalSection(ExtensibilityGlobals) = postSolution
		SolutionGuid = {9E837861-7B26-40A9-B68E-3DDB7C25C7B1}
	EndGlobalSection
EndGlobal
